
Microsoft Visual Studio Solution File, Format Version 12.00
# Visual Studio Version 16
VisualStudioVersion = 16.0.31129.286
MinimumVisualStudioVersion = 10.0.40219.1
Project("{FAE04EC0-301F-11D3-BF4B-00C04F79EFBC}") = "WindowsFormsApp1", "WindowsFormsApp1\WindowsFormsApp1.csproj", "{03F25CBC-3D29-42A7-91D9-A805F66FC636}"
EndProject
Project("{2150E333-8FDC-42A3-9474-1A3956D46DE8}") = "Solution Items", "Solution Items", "{FFD3EA73-D230-45DB-BC80-C7A2B2619848}"
EndProject
Global
	GlobalSection(SolutionConfigurationPlatforms) = preSolution
		Debug|Any CPU = Debug|Any CPU
		Release|Any CPU = Release|Any CPU
	EndGlobalSection
	GlobalSection(ProjectConfigurationPlatforms) = postSolution
		{03F25CBC-3D29-42A7-91D9-A805F66FC636}.Debug|Any CPU.ActiveCfg = Debug|Any CPU
		{03F25CBC-3D29-42A7-91D9-A805F66FC636}.Debug|Any CPU.Build.0 = Debug|Any CPU
		{03F25CBC-3D29-42A7-91D9-A805F66FC636}.Release|Any CPU.ActiveCfg = Release|Any CPU
		{03F25CBC-3D29-42A7-91D9-A805F66FC636}.Release|Any CPU.Build.0 = Release|Any CPU
	EndGlobalSection
	GlobalSection(SolutionProperties) = preSolution
		HideSolutionNode = FALSE
	EndGlobalSection
	GlobalSection(ExtensibilityGlobals) = postSolution
		SolutionGuid = {ED1A0551-CC07-4A94-AE33-62A04715EF75}
	EndGlobalSection
EndGlobal
