
Microsoft Visual Studio Solution File, Format Version 12.00
# Visual Studio Version 16
VisualStudioVersion = 16.0.31205.134
MinimumVisualStudioVersion = 10.0.40219.1
Project("{FAE04EC0-301F-11D3-BF4B-00C04F79EFBC}") = "WpfApp1", "WpfApp1\WpfApp1.csproj", "{BB914566-E838-407F-BFDA-687EB7170D19}"
EndProject
Global
	GlobalSection(SolutionConfigurationPlatforms) = preSolution
		Debug|Any CPU = Debug|Any CPU
		Release|Any CPU = Release|Any CPU
	EndGlobalSection
	GlobalSection(ProjectConfigurationPlatforms) = postSolution
		{BB914566-E838-407F-BFDA-687EB7170D19}.Debug|Any CPU.ActiveCfg = Debug|Any CPU
		{BB914566-E838-407F-BFDA-687EB7170D19}.Debug|Any CPU.Build.0 = Debug|Any CPU
		{BB914566-E838-407F-BFDA-687EB7170D19}.Release|Any CPU.ActiveCfg = Release|Any CPU
		{BB914566-E838-407F-BFDA-687EB7170D19}.Release|Any CPU.Build.0 = Release|Any CPU
	EndGlobalSection
	GlobalSection(SolutionProperties) = preSolution
		HideSolutionNode = FALSE
	EndGlobalSection
	GlobalSection(ExtensibilityGlobals) = postSolution
		SolutionGuid = {6260017D-46F9-49CE-B384-2B286FCCA31E}
	EndGlobalSection
EndGlobal
